
Microsoft Visual Studio Solution File, Format Version 12.00
# Visual Studio Version 17
VisualStudioVersion = 17.11.35103.136
MinimumVisualStudioVersion = 10.0.40219.1
Project("{FAE04EC0-301F-11D3-BF4B-00C04F79EFBC}") = "TargetSistemas", "TargetSistemas\TargetSistemas.csproj", "{4EE1927F-6B81-40B0-91F4-F8F5BDC841FD}"
EndProject
Project("{FAE04EC0-301F-11D3-BF4B-00C04F79EFBC}") = "Exercicio1", "Exercicio1\Exercicio1.csproj", "{B3896BA6-2A9A-4B8E-9250-F582525C8525}"
EndProject
Project("{FAE04EC0-301F-11D3-BF4B-00C04F79EFBC}") = "Exercicio2", "Exercicio2\Exercicio2.csproj", "{4AECE7FD-6BB3-4A70-871D-4FAE9C7AC261}"
EndProject
Project("{FAE04EC0-301F-11D3-BF4B-00C04F79EFBC}") = "Exercicio4", "Exercicio4\Exercicio4.csproj", "{55EC9DA7-10F3-4495-812F-E2466001255A}"
EndProject
Project("{FAE04EC0-301F-11D3-BF4B-00C04F79EFBC}") = "Exercicio5", "Exercicio5\Exercicio5.csproj", "{5AA38D06-5693-454A-9158-C0A0EBA013DC}"
EndProject
Global
	GlobalSection(SolutionConfigurationPlatforms) = preSolution
		Debug|Any CPU = Debug|Any CPU
		Release|Any CPU = Release|Any CPU
	EndGlobalSection
	GlobalSection(ProjectConfigurationPlatforms) = postSolution
		{4EE1927F-6B81-40B0-91F4-F8F5BDC841FD}.Debug|Any CPU.ActiveCfg = Debug|Any CPU
		{4EE1927F-6B81-40B0-91F4-F8F5BDC841FD}.Debug|Any CPU.Build.0 = Debug|Any CPU
		{4EE1927F-6B81-40B0-91F4-F8F5BDC841FD}.Release|Any CPU.ActiveCfg = Release|Any CPU
		{4EE1927F-6B81-40B0-91F4-F8F5BDC841FD}.Release|Any CPU.Build.0 = Release|Any CPU
		{B3896BA6-2A9A-4B8E-9250-F582525C8525}.Debug|Any CPU.ActiveCfg = Debug|Any CPU
		{B3896BA6-2A9A-4B8E-9250-F582525C8525}.Debug|Any CPU.Build.0 = Debug|Any CPU
		{B3896BA6-2A9A-4B8E-9250-F582525C8525}.Release|Any CPU.ActiveCfg = Release|Any CPU
		{B3896BA6-2A9A-4B8E-9250-F582525C8525}.Release|Any CPU.Build.0 = Release|Any CPU
		{4AECE7FD-6BB3-4A70-871D-4FAE9C7AC261}.Debug|Any CPU.ActiveCfg = Debug|Any CPU
		{4AECE7FD-6BB3-4A70-871D-4FAE9C7AC261}.Debug|Any CPU.Build.0 = Debug|Any CPU
		{4AECE7FD-6BB3-4A70-871D-4FAE9C7AC261}.Release|Any CPU.ActiveCfg = Release|Any CPU
		{4AECE7FD-6BB3-4A70-871D-4FAE9C7AC261}.Release|Any CPU.Build.0 = Release|Any CPU
		{55EC9DA7-10F3-4495-812F-E2466001255A}.Debug|Any CPU.ActiveCfg = Debug|Any CPU
		{55EC9DA7-10F3-4495-812F-E2466001255A}.Debug|Any CPU.Build.0 = Debug|Any CPU
		{55EC9DA7-10F3-4495-812F-E2466001255A}.Release|Any CPU.ActiveCfg = Release|Any CPU
		{55EC9DA7-10F3-4495-812F-E2466001255A}.Release|Any CPU.Build.0 = Release|Any CPU
		{5AA38D06-5693-454A-9158-C0A0EBA013DC}.Debug|Any CPU.ActiveCfg = Debug|Any CPU
		{5AA38D06-5693-454A-9158-C0A0EBA013DC}.Debug|Any CPU.Build.0 = Debug|Any CPU
		{5AA38D06-5693-454A-9158-C0A0EBA013DC}.Release|Any CPU.ActiveCfg = Release|Any CPU
		{5AA38D06-5693-454A-9158-C0A0EBA013DC}.Release|Any CPU.Build.0 = Release|Any CPU
	EndGlobalSection
	GlobalSection(SolutionProperties) = preSolution
		HideSolutionNode = FALSE
	EndGlobalSection
	GlobalSection(ExtensibilityGlobals) = postSolution
		SolutionGuid = {27C83030-D336-49B0-8CF2-ABEDFB6B3378}
	EndGlobalSection
EndGlobal
